// !$*UTF8*$!
{
	archiveVersion = 1;
	classes = {
	};
	objectVersion = 50;
	objects = {

/* Begin PBXBuildFile section */
		F29A790A2167DAE300751268 /* AppDelegate.swift in Sources */ = {isa = PBXBuildFile; fileRef = F29A79092167DAE300751268 /* AppDelegate.swift */; };
		F29A790C2167DAE300751268 /* ViewController.swift in Sources */ = {isa = PBXBuildFile; fileRef = F29A790B2167DAE300751268 /* ViewController.swift */; };
		F29A790F2167DAE300751268 /* Main.storyboard in Resources */ = {isa = PBXBuildFile; fileRef = F29A790D2167DAE300751268 /* Main.storyboard */; };
		F29A79122167DAE400751268 /* FbLoginProj.xcdatamodeld in Sources */ = {isa = PBXBuildFile; fileRef = F29A79102167DAE400751268 /* FbLoginProj.xcdatamodeld */; };
		F29A79142167DAE600751268 /* Assets.xcassets in Resources */ = {isa = PBXBuildFile; fileRef = F29A79132167DAE600751268 /* Assets.xcassets */; };
		F29A79172167DAE600751268 /* LaunchScreen.storyboard in Resources */ = {isa = PBXBuildFile; fileRef = F29A79152167DAE600751268 /* LaunchScreen.storyboard */; };
		F29A79222167DAE600751268 /* FbLoginProjTests.swift in Sources */ = {isa = PBXBuildFile; fileRef = F29A79212167DAE600751268 /* FbLoginProjTests.swift */; };
		F29A792D2167DAE600751268 /* FbLoginProjUITests.swift in Sources */ = {isa = PBXBuildFile; fileRef = F29A792C2167DAE600751268 /* FbLoginProjUITests.swift */; };
/* End PBXBuildFile section */

/* Begin PBXContainerItemProxy section */
		F29A791E2167DAE600751268 /* PBXContainerItemProxy */ = {
			isa = PBXContainerItemProxy;
			containerPortal = F29A78FE2167DAE300751268 /* Project object */;
			proxyType = 1;
			remoteGlobalIDString = F29A79052167DAE300751268;
			remoteInfo = FbLoginProj;
		};
		F29A79292167DAE600751268 /* PBXContainerItemProxy */ = {
			isa = PBXContainerItemProxy;
			containerPortal = F29A78FE2167DAE300751268 /* Project object */;
			proxyType = 1;
			remoteGlobalIDString = F29A79052167DAE300751268;
			remoteInfo = FbLoginProj;
		};
/* End PBXContainerItemProxy section */

/* Begin PBXFileReference section */
		F29A79062167DAE300751268 /* FbLoginProj.app */ = {isa = PBXFileReference; explicitFileType = wrapper.application; includeInIndex = 0; path = FbLoginProj.app; sourceTree = BUILT_PRODUCTS_DIR; };
		F29A79092167DAE300751268 /* AppDelegate.swift */ = {isa = PBXFileReference; lastKnownFileType = sourcecode.swift; path = AppDelegate.swift; sourceTree = "<group>"; };
		F29A790B2167DAE300751268 /* ViewController.swift */ = {isa = PBXFileReference; lastKnownFileType = sourcecode.swift; path = ViewController.swift; sourceTree = "<group>"; };
		F29A790E2167DAE300751268 /* Base */ = {isa = PBXFileReference; lastKnownFileType = file.storyboard; name = Base; path = Base.lproj/Main.storyboard; sourceTree = "<group>"; };
		F29A79112167DAE400751268 /* FbLoginProj.xcdatamodel */ = {isa = PBXFileReference; lastKnownFileType = wrapper.xcdatamodel; path = FbLoginProj.xcdatamodel; sourceTree = "<group>"; };
		F29A79132167DAE600751268 /* Assets.xcassets */ = {isa = PBXFileReference; lastKnownFileType = folder.assetcatalog; path = Assets.xcassets; sourceTree = "<group>"; };
		F29A79162167DAE600751268 /* Base */ = {isa = PBXFileReference; lastKnownFileType = file.storyboard; name = Base; path = Base.lproj/LaunchScreen.storyboard; sourceTree = "<group>"; };
		F29A79182167DAE600751268 /* Info.plist */ = {isa = PBXFileReference; lastKnownFileType = text.plist.xml; path = Info.plist; sourceTree = "<group>"; };
		F29A791D2167DAE600751268 /* FbLoginProjTests.xctest */ = {isa = PBXFileReference; explicitFileType = wrapper.cfbundle; includeInIndex = 0; path = FbLoginProjTests.xctest; sourceTree = BUILT_PRODUCTS_DIR; };
		F29A79212167DAE600751268 /* FbLoginProjTests.swift */ = {isa = PBXFileReference; lastKnownFileType = sourcecode.swift; path = FbLoginProjTests.swift; sourceTree = "<group>"; };
		F29A79232167DAE600751268 /* Info.plist */ = {isa = PBXFileReference; lastKnownFileType = text.plist.xml; path = Info.plist; sourceTree = "<group>"; };
		F29A79282167DAE600751268 /* FbLoginProjUITests.xctest */ = {isa = PBXFileReference; explicitFileType = wrapper.cfbundle; includeInIndex = 0; path = FbLoginProjUITests.xctest; sourceTree = BUILT_PRODUCTS_DIR; };
		F29A792C2167DAE600751268 /* FbLoginProjUITests.swift */ = {isa = PBXFileReference; lastKnownFileType = sourcecode.swift; path = FbLoginProjUITests.swift; sourceTree = "<group>"; };
		F29A792E2167DAE600751268 /* Info.plist */ = {isa = PBXFileReference; lastKnownFileType = text.plist.xml; path = Info.plist; sourceTree = "<group>"; };
/* End PBXFileReference section */

/* Begin PBXFrameworksBuildPhase section */
		F29A79032167DAE300751268 /* Frameworks */ = {
			isa = PBXFrameworksBuildPhase;
			buildActionMask = 2147483647;
			files = (
			);
			runOnlyForDeploymentPostprocessing = 0;
		};
		F29A791A2167DAE600751268 /* Frameworks */ = {
			isa = PBXFrameworksBuildPhase;
			buildActionMask = 2147483647;
			files = (
			);
			runOnlyForDeploymentPostprocessing = 0;
		};
		F29A79252167DAE600751268 /* Frameworks */ = {
			isa = PBXFrameworksBuildPhase;
			buildActionMask = 2147483647;
			files = (
			);
			runOnlyForDeploymentPostprocessing = 0;
		};
/* End PBXFrameworksBuildPhase section */

/* Begin PBXGroup section */
		F29A78FD2167DAE300751268 = {
			isa = PBXGroup;
			children = (
				F29A79082167DAE300751268 /* FbLoginProj */,
				F29A79202167DAE600751268 /* FbLoginProjTests */,
				F29A792B2167DAE600751268 /* FbLoginProjUITests */,
				F29A79072167DAE300751268 /* Products */,
			);
			sourceTree = "<group>";
		};
		F29A79072167DAE300751268 /* Products */ = {
			isa = PBXGroup;
			children = (
				F29A79062167DAE300751268 /* FbLoginProj.app */,
				F29A791D2167DAE600751268 /* FbLoginProjTests.xctest */,
				F29A79282167DAE600751268 /* FbLoginProjUITests.xctest */,
			);
			name = Products;
			sourceTree = "<group>";
		};
		F29A79082167DAE300751268 /* FbLoginProj */ = {
			isa = PBXGroup;
			children = (
				F29A79092167DAE300751268 /* AppDelegate.swift */,
				F29A790B2167DAE300751268 /* ViewController.swift */,
				F29A790D2167DAE300751268 /* Main.storyboard */,
				F29A79132167DAE600751268 /* Assets.xcassets */,
				F29A79152167DAE600751268 /* LaunchScreen.storyboard */,
				F29A79182167DAE600751268 /* Info.plist */,
				F29A79102167DAE400751268 /* FbLoginProj.xcdatamodeld */,
			);
			path = FbLoginProj;
			sourceTree = "<group>";
		};
		F29A79202167DAE600751268 /* FbLoginProjTests */ = {
			isa = PBXGroup;
			children = (
				F29A79212167DAE600751268 /* FbLoginProjTests.swift */,
				F29A79232167DAE600751268 /* Info.plist */,
			);
			path = FbLoginProjTests;
			sourceTree = "<group>";
		};
		F29A792B2167DAE600751268 /* FbLoginProjUITests */ = {
			isa = PBXGroup;
			children = (
				F29A792C2167DAE600751268 /* FbLoginProjUITests.swift */,
				F29A792E2167DAE600751268 /* Info.plist */,
			);
			path = FbLoginProjUITests;
			sourceTree = "<group>";
		};
/* End PBXGroup section */

/* Begin PBXNativeTarget section */
		F29A79052167DAE300751268 /* FbLoginProj */ = {
			isa = PBXNativeTarget;
			buildConfigurationList = F29A79312167DAE600751268 /* Build configuration list for PBXNativeTarget "FbLoginProj" */;
			buildPhases = (
				F29A79022167DAE300751268 /* Sources */,
				F29A79032167DAE300751268 /* Frameworks */,
				F29A79042167DAE300751268 /* Resources */,
			);
			buildRules = (
			);
			dependencies = (
			);
			name = FbLoginProj;
			productName = FbLoginProj;
			productReference = F29A79062167DAE300751268 /* FbLoginProj.app */;
			productType = "com.apple.product-type.application";
		};
		F29A791C2167DAE600751268 /* FbLoginProjTests */ = {
			isa = PBXNativeTarget;
			buildConfigurationList = F29A79342167DAE600751268 /* Build configuration list for PBXNativeTarget "FbLoginProjTests" */;
			buildPhases = (
				F29A79192167DAE600751268 /* Sources */,
				F29A791A2167DAE600751268 /* Frameworks */,
				F29A791B2167DAE600751268 /* Resources */,
			);
			buildRules = (
			);
			dependencies = (
				F29A791F2167DAE600751268 /* PBXTargetDependency */,
			);
			name = FbLoginProjTests;
			productName = FbLoginProjTests;
			productReference = F29A791D2167DAE600751268 /* FbLoginProjTests.xctest */;
			productType = "com.apple.product-type.bundle.unit-test";
		};
		F29A79272167DAE600751268 /* FbLoginProjUITests */ = {
			isa = PBXNativeTarget;
			buildConfigurationList = F29A79372167DAE600751268 /* Build configuration list for PBXNativeTarget "FbLoginProjUITests" */;
			buildPhases = (
				F29A79242167DAE600751268 /* Sources */,
				F29A79252167DAE600751268 /* Frameworks */,
				F29A79262167DAE600751268 /* Resources */,
			);
			buildRules = (
			);
			dependencies = (
				F29A792A2167DAE600751268 /* PBXTargetDependency */,
			);
			name = FbLoginProjUITests;
			productName = FbLoginProjUITests;
			productReference = F29A79282167DAE600751268 /* FbLoginProjUITests.xctest */;
			productType = "com.apple.product-type.bundle.ui-testing";
		};
/* End PBXNativeTarget section */

/* Begin PBXProject section */
		F29A78FE2167DAE300751268 /* Project object */ = {
			isa = PBXProject;
			attributes = {
				LastSwiftUpdateCheck = 1000;
				LastUpgradeCheck = 1000;
				ORGANIZATIONNAME = Gadalla;
				TargetAttributes = {
					F29A79052167DAE300751268 = {
						CreatedOnToolsVersion = 10.0;
					};
					F29A791C2167DAE600751268 = {
						CreatedOnToolsVersion = 10.0;
						TestTargetID = F29A79052167DAE300751268;
					};
					F29A79272167DAE600751268 = {
						CreatedOnToolsVersion = 10.0;
						TestTargetID = F29A79052167DAE300751268;
					};
				};
			};
			buildConfigurationList = F29A79012167DAE300751268 /* Build configuration list for PBXProject "FbLoginProj" */;
			compatibilityVersion = "Xcode 9.3";
			developmentRegion = en;
			hasScannedForEncodings = 0;
			knownRegions = (
				en,
				Base,
			);
			mainGroup = F29A78FD2167DAE300751268;
			productRefGroup = F29A79072167DAE300751268 /* Products */;
			projectDirPath = "";
			projectRoot = "";
			targets = (
				F29A79052167DAE300751268 /* FbLoginProj */,
				F29A791C2167DAE600751268 /* FbLoginProjTests */,
				F29A79272167DAE600751268 /* FbLoginProjUITests */,
			);
		};
/* End PBXProject section */

/* Begin PBXResourcesBuildPhase section */
		F29A79042167DAE300751268 /* Resources */ = {
			isa = PBXResourcesBuildPhase;
			buildActionMask = 2147483647;
			files = (
				F29A79172167DAE600751268 /* LaunchScreen.storyboard in Resources */,
				F29A79142167DAE600751268 /* Assets.xcassets in Resources */,
				F29A790F2167DAE300751268 /* Main.storyboard in Resources */,
			);
			runOnlyForDeploymentPostprocessing = 0;
		};
		F29A791B2167DAE600751268 /* Resources */ = {
			isa = PBXResourcesBuildPhase;
			buildActionMask = 2147483647;
			files = (
			);
			runOnlyForDeploymentPostprocessing = 0;
		};
		F29A79262167DAE600751268 /* Resources */ = {
			isa = PBXResourcesBuildPhase;
			buildActionMask = 2147483647;
			files = (
			);
			runOnlyForDeploymentPostprocessing = 0;
		};
/* End PBXResourcesBuildPhase section */

/* Begin PBXSourcesBuildPhase section */
		F29A79022167DAE300751268 /* Sources */ = {
			isa = PBXSourcesBuildPhase;
			buildActionMask = 2147483647;
			files = (
				F29A790C2167DAE300751268 /* ViewController.swift in Sources */,
				F29A790A2167DAE300751268 /* AppDelegate.swift in Sources */,
				F29A79122167DAE400751268 /* FbLoginProj.xcdatamodeld in Sources */,
			);
			runOnlyForDeploymentPostprocessing = 0;
		};
		F29A79192167DAE600751268 /* Sources */ = {
			isa = PBXSourcesBuildPhase;
			buildActionMask = 2147483647;
			files = (
				F29A79222167DAE600751268 /* FbLoginProjTests.swift in Sources */,
			);
			runOnlyForDeploymentPostprocessing = 0;
		};
		F29A79242167DAE600751268 /* Sources */ = {
			isa = PBXSourcesBuildPhase;
			buildActionMask = 2147483647;
			files = (
				F29A792D2167DAE600751268 /* FbLoginProjUITests.swift in Sources */,
			);
			runOnlyForDeploymentPostprocessing = 0;
		};
/* End PBXSourcesBuildPhase section */

/* Begin PBXTargetDependency section */
		F29A791F2167DAE600751268 /* PBXTargetDependency */ = {
			isa = PBXTargetDependency;
			target = F29A79052167DAE300751268 /* FbLoginProj */;
			targetProxy = F29A791E2167DAE600751268 /* PBXContainerItemProxy */;
		};
		F29A792A2167DAE600751268 /* PBXTargetDependency */ = {
			isa = PBXTargetDependency;
			target = F29A79052167DAE300751268 /* FbLoginProj */;
			targetProxy = F29A79292167DAE600751268 /* PBXContainerItemProxy */;
		};
/* End PBXTargetDependency section */

/* Begin PBXVariantGroup section */
		F29A790D2167DAE300751268 /* Main.storyboard */ = {
			isa = PBXVariantGroup;
			children = (
				F29A790E2167DAE300751268 /* Base */,
			);
			name = Main.storyboard;
			sourceTree = "<group>";
		};
		F29A79152167DAE600751268 /* LaunchScreen.storyboard */ = {
			isa = PBXVariantGroup;
			children = (
				F29A79162167DAE600751268 /* Base */,
			);
			name = LaunchScreen.storyboard;
			sourceTree = "<group>";
		};
/* End PBXVariantGroup section */

/* Begin XCBuildConfiguration section */
		F29A792F2167DAE600751268 /* Debug */ = {
			isa = XCBuildConfiguration;
			buildSettings = {
				ALWAYS_SEARCH_USER_PATHS = NO;
				CLANG_ANALYZER_NONNULL = YES;
				CLANG_ANALYZER_NUMBER_OBJECT_CONVERSION = YES_AGGRESSIVE;
				CLANG_CXX_LANGUAGE_STANDARD = "gnu++14";
				CLANG_CXX_LIBRARY = "libc++";
				CLANG_ENABLE_MODULES = YES;
				CLANG_ENABLE_OBJC_ARC = YES;
				CLANG_ENABLE_OBJC_WEAK = YES;
				CLANG_WARN_BLOCK_CAPTURE_AUTORELEASING = YES;
				CLANG_WARN_BOOL_CONVERSION = YES;
				CLANG_WARN_COMMA = YES;
				CLANG_WARN_CONSTANT_CONVERSION = YES;
				CLANG_WARN_DEPRECATED_OBJC_IMPLEMENTATIONS = YES;
				CLANG_WARN_DIRECT_OBJC_ISA_USAGE = YES_ERROR;
				CLANG_WARN_DOCUMENTATION_COMMENTS = YES;
				CLANG_WARN_EMPTY_BODY = YES;
				CLANG_WARN_ENUM_CONVERSION = YES;
				CLANG_WARN_INFINITE_RECURSION = YES;
				CLANG_WARN_INT_CONVERSION = YES;
				CLANG_WARN_NON_LITERAL_NULL_CONVERSION = YES;
				CLANG_WARN_OBJC_IMPLICIT_RETAIN_SELF = YES;
				CLANG_WARN_OBJC_LITERAL_CONVERSION = YES;
				CLANG_WARN_OBJC_ROOT_CLASS = YES_ERROR;
				CLANG_WARN_RANGE_LOOP_ANALYSIS = YES;
				CLANG_WARN_STRICT_PROTOTYPES = YES;
				CLANG_WARN_SUSPICIOUS_MOVE = YES;
				CLANG_WARN_UNGUARDED_AVAILABILITY = YES_AGGRESSIVE;
				CLANG_WARN_UNREACHABLE_CODE = YES;
				CLANG_WARN__DUPLICATE_METHOD_MATCH = YES;
				CODE_SIGN_IDENTITY = "iPhone Developer";
				COPY_PHASE_STRIP = NO;
				DEBUG_INFORMATION_FORMAT = dwarf;
				ENABLE_STRICT_OBJC_MSGSEND = YES;
				ENABLE_TESTABILITY = YES;
				GCC_C_LANGUAGE_STANDARD = gnu11;
				GCC_DYNAMIC_NO_PIC = NO;
				GCC_NO_COMMON_BLOCKS = YES;
				GCC_OPTIMIZATION_LEVEL = 0;
				GCC_PREPROCESSOR_DEFINITIONS = (
					"DEBUG=1",
					"$(inherited)",
				);
				GCC_WARN_64_TO_32_BIT_CONVERSION = YES;
				GCC_WARN_ABOUT_RETURN_TYPE = YES_ERROR;
				GCC_WARN_UNDECLARED_SELECTOR = YES;
				GCC_WARN_UNINITIALIZED_AUTOS = YES_AGGRESSIVE;
				GCC_WARN_UNUSED_FUNCTION = YES;
				GCC_WARN_UNUSED_VARIABLE = YES;
				IPHONEOS_DEPLOYMENT_TARGET = 12.0;
				MTL_ENABLE_DEBUG_INFO = INCLUDE_SOURCE;
				MTL_FAST_MATH = YES;
				ONLY_ACTIVE_ARCH = YES;
				SDKROOT = iphoneos;
				SWIFT_ACTIVE_COMPILATION_CONDITIONS = DEBUG;
				SWIFT_OPTIMIZATION_LEVEL = "-Onone";
			};
			name = Debug;
		};
		F29A79302167DAE600751268 /* Release */ = {
			isa = XCBuildConfiguration;
			buildSettings = {
				ALWAYS_SEARCH_USER_PATHS = NO;
				CLANG_ANALYZER_NONNULL = YES;
				CLANG_ANALYZER_NUMBER_OBJECT_CONVERSION = YES_AGGRESSIVE;
				CLANG_CXX_LANGUAGE_STANDARD = "gnu++14";
				CLANG_CXX_LIBRARY = "libc++";
				CLANG_ENABLE_MODULES = YES;
				CLANG_ENABLE_OBJC_ARC = YES;
				CLANG_ENABLE_OBJC_WEAK = YES;
				CLANG_WARN_BLOCK_CAPTURE_AUTORELEASING = YES;
				CLANG_WARN_BOOL_CONVERSION = YES;
				CLANG_WARN_COMMA = YES;
				CLANG_WARN_CONSTANT_CONVERSION = YES;
				CLANG_WARN_DEPRECATED_OBJC_IMPLEMENTATIONS = YES;
				CLANG_WARN_DIRECT_OBJC_ISA_USAGE = YES_ERROR;
				CLANG_WARN_DOCUMENTATION_COMMENTS = YES;
				CLANG_WARN_EMPTY_BODY = YES;
				CLANG_WARN_ENUM_CONVERSION = YES;
				CLANG_WARN_INFINITE_RECURSION = YES;
				CLANG_WARN_INT_CONVERSION = YES;
				CLANG_WARN_NON_LITERAL_NULL_CONVERSION = YES;
				CLANG_WARN_OBJC_IMPLICIT_RETAIN_SELF = YES;
				CLANG_WARN_OBJC_LITERAL_CONVERSION = YES;
				CLANG_WARN_OBJC_ROOT_CLASS = YES_ERROR;
				CLANG_WARN_RANGE_LOOP_ANALYSIS = YES;
				CLANG_WARN_STRICT_PROTOTYPES = YES;
				CLANG_WARN_SUSPICIOUS_MOVE = YES;
				CLANG_WARN_UNGUARDED_AVAILABILITY = YES_AGGRESSIVE;
				CLANG_WARN_UNREACHABLE_CODE = YES;
				CLANG_WARN__DUPLICATE_METHOD_MATCH = YES;
				CODE_SIGN_IDENTITY = "iPhone Developer";
				COPY_PHASE_STRIP = NO;
				DEBUG_INFORMATION_FORMAT = "dwarf-with-dsym";
				ENABLE_NS_ASSERTIONS = NO;
				ENABLE_STRICT_OBJC_MSGSEND = YES;
				GCC_C_LANGUAGE_STANDARD = gnu11;
				GCC_NO_COMMON_BLOCKS = YES;
				GCC_WARN_64_TO_32_BIT_CONVERSION = YES;
				GCC_WARN_ABOUT_RETURN_TYPE = YES_ERROR;
				GCC_WARN_UNDECLARED_SELECTOR = YES;
				GCC_WARN_UNINITIALIZED_AUTOS = YES_AGGRESSIVE;
				GCC_WARN_UNUSED_FUNCTION = YES;
				GCC_WARN_UNUSED_VARIABLE = YES;
				IPHONEOS_DEPLOYMENT_TARGET = 12.0;
				MTL_ENABLE_DEBUG_INFO = NO;
				MTL_FAST_MATH = YES;
				SDKROOT = iphoneos;
				SWIFT_COMPILATION_MODE = wholemodule;
				SWIFT_OPTIMIZATION_LEVEL = "-O";
				VALIDATE_PRODUCT = YES;
			};
			name = Release;
		};
		F29A79322167DAE600751268 /* Debug */ = {
			isa = XCBuildConfiguration;
			buildSettings = {
				ASSETCATALOG_COMPILER_APPICON_NAME = AppIcon;
				CODE_SIGN_STYLE = Automatic;
				INFOPLIST_FILE = FbLoginProj/Info.plist;
				LD_RUNPATH_SEARCH_PATHS = (
					"$(inherited)",
					"@executable_path/Frameworks",
				);
				PRODUCT_BUNDLE_IDENTIFIER = com.abc.FbLoginProj;
				PRODUCT_NAME = "$(TARGET_NAME)";
				SWIFT_VERSION = 4.2;
				TARGETED_DEVICE_FAMILY = "1,2";
			};
			name = Debug;
		};
		F29A79332167DAE600751268 /* Release */ = {
			isa = XCBuildConfiguration;
			buildSettings = {
				ASSETCATALOG_COMPILER_APPICON_NAME = AppIcon;
				CODE_SIGN_STYLE = Automatic;
				INFOPLIST_FILE = FbLoginProj/Info.plist;
				LD_RUNPATH_SEARCH_PATHS = (
					"$(inherited)",
					"@executable_path/Frameworks",
				);
				PRODUCT_BUNDLE_IDENTIFIER = com.abc.FbLoginProj;
				PRODUCT_NAME = "$(TARGET_NAME)";
				SWIFT_VERSION = 4.2;
				TARGETED_DEVICE_FAMILY = "1,2";
			};
			name = Release;
		};
		F29A79352167DAE600751268 /* Debug */ = {
			isa = XCBuildConfiguration;
			buildSettings = {
				ALWAYS_EMBED_SWIFT_STANDARD_LIBRARIES = YES;
				BUNDLE_LOADER = "$(TEST_HOST)";
				CODE_SIGN_STYLE = Automatic;
				INFOPLIST_FILE = FbLoginProjTests/Info.plist;
				LD_RUNPATH_SEARCH_PATHS = (
					"$(inherited)",
					"@executable_path/Frameworks",
					"@loader_path/Frameworks",
				);
				PRODUCT_BUNDLE_IDENTIFIER = com.abc.FbLoginProjTests;
				PRODUCT_NAME = "$(TARGET_NAME)";
				SWIFT_VERSION = 4.2;
				TARGETED_DEVICE_FAMILY = "1,2";
				TEST_HOST = "$(BUILT_PRODUCTS_DIR)/FbLoginProj.app/FbLoginProj";
			};
			name = Debug;
		};
		F29A79362167DAE600751268 /* Release */ = {
			isa = XCBuildConfiguration;
			buildSettings = {
				ALWAYS_EMBED_SWIFT_STANDARD_LIBRARIES = YES;
				BUNDLE_LOADER = "$(TEST_HOST)";
				CODE_SIGN_STYLE = Automatic;
				INFOPLIST_FILE = FbLoginProjTests/Info.plist;
				LD_RUNPATH_SEARCH_PATHS = (
					"$(inherited)",
					"@executable_path/Frameworks",
					"@loader_path/Frameworks",
				);
				PRODUCT_BUNDLE_IDENTIFIER = com.abc.FbLoginProjTests;
				PRODUCT_NAME = "$(TARGET_NAME)";
				SWIFT_VERSION = 4.2;
				TARGETED_DEVICE_FAMILY = "1,2";
				TEST_HOST = "$(BUILT_PRODUCTS_DIR)/FbLoginProj.app/FbLoginProj";
			};
			name = Release;
		};
		F29A79382167DAE600751268 /* Debug */ = {
			isa = XCBuildConfiguration;
			buildSettings = {
				ALWAYS_EMBED_SWIFT_STANDARD_LIBRARIES = YES;
				CODE_SIGN_STYLE = Automatic;
				INFOPLIST_FILE = FbLoginProjUITests/Info.plist;
				LD_RUNPATH_SEARCH_PATHS = (
					"$(inherited)",
					"@executable_path/Frameworks",
					"@loader_path/Frameworks",
				);
				PRODUCT_BUNDLE_IDENTIFIER = com.abc.FbLoginProjUITests;
				PRODUCT_NAME = "$(TARGET_NAME)";
				SWIFT_VERSION = 4.2;
				TARGETED_DEVICE_FAMILY = "1,2";
				TEST_TARGET_NAME = FbLoginProj;
			};
			name = Debug;
		};
		F29A79392167DAE600751268 /* Release */ = {
			isa = XCBuildConfiguration;
			buildSettings = {
				ALWAYS_EMBED_SWIFT_STANDARD_LIBRARIES = YES;
				CODE_SIGN_STYLE = Automatic;
				INFOPLIST_FILE = FbLoginProjUITests/Info.plist;
				LD_RUNPATH_SEARCH_PATHS = (
					"$(inherited)",
					"@executable_path/Frameworks",
					"@loader_path/Frameworks",
				);
				PRODUCT_BUNDLE_IDENTIFIER = com.abc.FbLoginProjUITests;
				PRODUCT_NAME = "$(TARGET_NAME)";
				SWIFT_VERSION = 4.2;
				TARGETED_DEVICE_FAMILY = "1,2";
				TEST_TARGET_NAME = FbLoginProj;
			};
			name = Release;
		};
/* End XCBuildConfiguration section */

/* Begin XCConfigurationList section */
		F29A79012167DAE300751268 /* Build configuration list for PBXProject "FbLoginProj" */ = {
			isa = XCConfigurationList;
			buildConfigurations = (
				F29A792F2167DAE600751268 /* Debug */,
				F29A79302167DAE600751268 /* Release */,
			);
			defaultConfigurationIsVisible = 0;
			defaultConfigurationName = Release;
		};
		F29A79312167DAE600751268 /* Build configuration list for PBXNativeTarget "FbLoginProj" */ = {
			isa = XCConfigurationList;
			buildConfigurations = (
				F29A79322167DAE600751268 /* Debug */,
				F29A79332167DAE600751268 /* Release */,
			);
			defaultConfigurationIsVisible = 0;
			defaultConfigurationName = Release;
		};
		F29A79342167DAE600751268 /* Build configuration list for PBXNativeTarget "FbLoginProjTests" */ = {
			isa = XCConfigurationList;
			buildConfigurations = (
				F29A79352167DAE600751268 /* Debug */,
				F29A79362167DAE600751268 /* Release */,
			);
			defaultConfigurationIsVisible = 0;
			defaultConfigurationName = Release;
		};
		F29A79372167DAE600751268 /* Build configuration list for PBXNativeTarget "FbLoginProjUITests" */ = {
			isa = XCConfigurationList;
			buildConfigurations = (
				F29A79382167DAE600751268 /* Debug */,
				F29A79392167DAE600751268 /* Release */,
			);
			defaultConfigurationIsVisible = 0;
			defaultConfigurationName = Release;
		};
/* End XCConfigurationList section */

/* Begin XCVersionGroup section */
		F29A79102167DAE400751268 /* FbLoginProj.xcdatamodeld */ = {
			isa = XCVersionGroup;
			children = (
				F29A79112167DAE400751268 /* FbLoginProj.xcdatamodel */,
			);
			currentVersion = F29A79112167DAE400751268 /* FbLoginProj.xcdatamodel */;
			path = FbLoginProj.xcdatamodeld;
			sourceTree = "<group>";
			versionGroupType = wrapper.xcdatamodel;
		};
/* End XCVersionGroup section */
	};
	rootObject = F29A78FE2167DAE300751268 /* Project object */;
}
